
Microsoft Visual Studio Solution File, Format Version 12.00
# Visual Studio Version 17
VisualStudioVersion = 17.6.33723.286
MinimumVisualStudioVersion = 10.0.40219.1
Project("{FAE04EC0-301F-11D3-BF4B-00C04F79EFBC}") = "AmplituderCity", "AmplituderCity\AmplituderCity.csproj", "{1423E738-A90C-400D-89C3-DBD311C706AF}"
EndProject
Global
	GlobalSection(SolutionConfigurationPlatforms) = preSolution
		Debug|Any CPU = Debug|Any CPU
		Release|Any CPU = Release|Any CPU
	EndGlobalSection
	GlobalSection(ProjectConfigurationPlatforms) = postSolution
		{1423E738-A90C-400D-89C3-DBD311C706AF}.Debug|Any CPU.ActiveCfg = Debug|Any CPU
		{1423E738-A90C-400D-89C3-DBD311C706AF}.Debug|Any CPU.Build.0 = Debug|Any CPU
		{1423E738-A90C-400D-89C3-DBD311C706AF}.Release|Any CPU.ActiveCfg = Release|Any CPU
		{1423E738-A90C-400D-89C3-DBD311C706AF}.Release|Any CPU.Build.0 = Release|Any CPU
	EndGlobalSection
	GlobalSection(SolutionProperties) = preSolution
		HideSolutionNode = FALSE
	EndGlobalSection
	GlobalSection(ExtensibilityGlobals) = postSolution
		SolutionGuid = {D498A015-5920-4DA1-BFE7-26E9CB0F1673}
	EndGlobalSection
EndGlobal
